
Microsoft Visual Studio Solution File, Format Version 12.00
# Visual Studio Version 17
VisualStudioVersion = 17.4.33205.214
MinimumVisualStudioVersion = 10.0.40219.1
Project("{FAE04EC0-301F-11D3-BF4B-00C04F79EFBC}") = "Crossword", "Crossword\Crossword.csproj", "{02DB6E7E-17CF-4FBB-BFB0-411F33ECA346}"
EndProject
Global
	GlobalSection(SolutionConfigurationPlatforms) = preSolution
		Debug|Any CPU = Debug|Any CPU
		Release|Any CPU = Release|Any CPU
	EndGlobalSection
	GlobalSection(ProjectConfigurationPlatforms) = postSolution
		{02DB6E7E-17CF-4FBB-BFB0-411F33ECA346}.Debug|Any CPU.ActiveCfg = Debug|Any CPU
		{02DB6E7E-17CF-4FBB-BFB0-411F33ECA346}.Debug|Any CPU.Build.0 = Debug|Any CPU
		{02DB6E7E-17CF-4FBB-BFB0-411F33ECA346}.Release|Any CPU.ActiveCfg = Release|Any CPU
		{02DB6E7E-17CF-4FBB-BFB0-411F33ECA346}.Release|Any CPU.Build.0 = Release|Any CPU
	EndGlobalSection
	GlobalSection(SolutionProperties) = preSolution
		HideSolutionNode = FALSE
	EndGlobalSection
	GlobalSection(ExtensibilityGlobals) = postSolution
		SolutionGuid = {AAE8DED1-645C-4F64-BBD9-31E5D31818E0}
	EndGlobalSection
EndGlobal
